
Microsoft Visual Studio Solution File, Format Version 12.00
# Visual Studio 14
VisualStudioVersion = 14.0.23107.0
MinimumVisualStudioVersion = 10.0.40219.1
Project("{FAE04EC0-301F-11D3-BF4B-00C04F79EFBC}") = "sdi3-37.Cli-C_Sharp", "sdi3-37.Cli-C_Sharp\sdi3-37.Cli-C_Sharp.csproj", "{32EEEFC2-C37F-4946-8551-CA3B5E57EA3B}"
EndProject
Global
	GlobalSection(SolutionConfigurationPlatforms) = preSolution
		Debug|Any CPU = Debug|Any CPU
		Release|Any CPU = Release|Any CPU
	EndGlobalSection
	GlobalSection(ProjectConfigurationPlatforms) = postSolution
		{32EEEFC2-C37F-4946-8551-CA3B5E57EA3B}.Debug|Any CPU.ActiveCfg = Debug|Any CPU
		{32EEEFC2-C37F-4946-8551-CA3B5E57EA3B}.Debug|Any CPU.Build.0 = Debug|Any CPU
		{32EEEFC2-C37F-4946-8551-CA3B5E57EA3B}.Release|Any CPU.ActiveCfg = Release|Any CPU
		{32EEEFC2-C37F-4946-8551-CA3B5E57EA3B}.Release|Any CPU.Build.0 = Release|Any CPU
	EndGlobalSection
	GlobalSection(SolutionProperties) = preSolution
		HideSolutionNode = FALSE
	EndGlobalSection
EndGlobal
